
Microsoft Visual Studio Solution File, Format Version 12.00
# Visual Studio 14
VisualStudioVersion = 14.0.25420.1
MinimumVisualStudioVersion = 10.0.40219.1
Project("{FAE04EC0-301F-11D3-BF4B-00C04F79EFBC}") = "eManager.Domain", "eManager.Domain\eManager.Domain.csproj", "{A928CFFD-FEF8-40C9-9D86-284BF5489747}"
EndProject
Project("{FAE04EC0-301F-11D3-BF4B-00C04F79EFBC}") = "eManager.Web", "eManager.Web\eManager.Web.csproj", "{08CACE3A-F6B3-436E-9606-5AF61FF6BF24}"
EndProject
Global
	GlobalSection(SolutionConfigurationPlatforms) = preSolution
		Debug|Any CPU = Debug|Any CPU
		Release|Any CPU = Release|Any CPU
	EndGlobalSection
	GlobalSection(ProjectConfigurationPlatforms) = postSolution
		{A928CFFD-FEF8-40C9-9D86-284BF5489747}.Debug|Any CPU.ActiveCfg = Debug|Any CPU
		{A928CFFD-FEF8-40C9-9D86-284BF5489747}.Debug|Any CPU.Build.0 = Debug|Any CPU
		{A928CFFD-FEF8-40C9-9D86-284BF5489747}.Release|Any CPU.ActiveCfg = Release|Any CPU
		{A928CFFD-FEF8-40C9-9D86-284BF5489747}.Release|Any CPU.Build.0 = Release|Any CPU
		{08CACE3A-F6B3-436E-9606-5AF61FF6BF24}.Debug|Any CPU.ActiveCfg = Debug|Any CPU
		{08CACE3A-F6B3-436E-9606-5AF61FF6BF24}.Debug|Any CPU.Build.0 = Debug|Any CPU
		{08CACE3A-F6B3-436E-9606-5AF61FF6BF24}.Release|Any CPU.ActiveCfg = Release|Any CPU
		{08CACE3A-F6B3-436E-9606-5AF61FF6BF24}.Release|Any CPU.Build.0 = Release|Any CPU
	EndGlobalSection
	GlobalSection(SolutionProperties) = preSolution
		HideSolutionNode = FALSE
	EndGlobalSection
EndGlobal
